// !$*UTF8*$!
{
	archiveVersion = 1;
	classes = {
	};
	objectVersion = 50;
	objects = {

/* Begin PBXBuildFile section */
		49F1B5C522FBF2B10039319E /* AppDelegate.swift in Sources */ = {isa = PBXBuildFile; fileRef = 49F1B5C422FBF2B10039319E /* AppDelegate.swift */; };
		49F1B5C722FBF2B10039319E /* ViewController.swift in Sources */ = {isa = PBXBuildFile; fileRef = 49F1B5C622FBF2B10039319E /* ViewController.swift */; };
		49F1B5CA22FBF2B10039319E /* Main.storyboard in Resources */ = {isa = PBXBuildFile; fileRef = 49F1B5C822FBF2B10039319E /* Main.storyboard */; };
		49F1B5CD22FBF2B10039319E /* MusicAudioShaker.xcdatamodeld in Sources */ = {isa = PBXBuildFile; fileRef = 49F1B5CB22FBF2B10039319E /* MusicAudioShaker.xcdatamodeld */; };
		49F1B5CF22FBF2B20039319E /* Assets.xcassets in Resources */ = {isa = PBXBuildFile; fileRef = 49F1B5CE22FBF2B20039319E /* Assets.xcassets */; };
		49F1B5D222FBF2B20039319E /* LaunchScreen.storyboard in Resources */ = {isa = PBXBuildFile; fileRef = 49F1B5D022FBF2B20039319E /* LaunchScreen.storyboard */; };
/* End PBXBuildFile section */

/* Begin PBXFileReference section */
		49F1B5C122FBF2B10039319E /* MusicAudioShaker.app */ = {isa = PBXFileReference; explicitFileType = wrapper.application; includeInIndex = 0; path = MusicAudioShaker.app; sourceTree = BUILT_PRODUCTS_DIR; };
		49F1B5C422FBF2B10039319E /* AppDelegate.swift */ = {isa = PBXFileReference; lastKnownFileType = sourcecode.swift; path = AppDelegate.swift; sourceTree = "<group>"; };
		49F1B5C622FBF2B10039319E /* ViewController.swift */ = {isa = PBXFileReference; lastKnownFileType = sourcecode.swift; path = ViewController.swift; sourceTree = "<group>"; };
		49F1B5C922FBF2B10039319E /* Base */ = {isa = PBXFileReference; lastKnownFileType = file.storyboard; name = Base; path = Base.lproj/Main.storyboard; sourceTree = "<group>"; };
		49F1B5CC22FBF2B10039319E /* MusicAudioShaker.xcdatamodel */ = {isa = PBXFileReference; lastKnownFileType = wrapper.xcdatamodel; path = MusicAudioShaker.xcdatamodel; sourceTree = "<group>"; };
		49F1B5CE22FBF2B20039319E /* Assets.xcassets */ = {isa = PBXFileReference; lastKnownFileType = folder.assetcatalog; path = Assets.xcassets; sourceTree = "<group>"; };
		49F1B5D122FBF2B20039319E /* Base */ = {isa = PBXFileReference; lastKnownFileType = file.storyboard; name = Base; path = Base.lproj/LaunchScreen.storyboard; sourceTree = "<group>"; };
		49F1B5D322FBF2B20039319E /* Info.plist */ = {isa = PBXFileReference; lastKnownFileType = text.plist.xml; path = Info.plist; sourceTree = "<group>"; };
/* End PBXFileReference section */

/* Begin PBXFrameworksBuildPhase section */
		49F1B5BE22FBF2B10039319E /* Frameworks */ = {
			isa = PBXFrameworksBuildPhase;
			buildActionMask = 2147483647;
			files = (
			);
			runOnlyForDeploymentPostprocessing = 0;
		};
/* End PBXFrameworksBuildPhase section */

/* Begin PBXGroup section */
		49F1B5B822FBF2B10039319E = {
			isa = PBXGroup;
			children = (
				49F1B5C322FBF2B10039319E /* MusicAudioShaker */,
				49F1B5C222FBF2B10039319E /* Products */,
			);
			sourceTree = "<group>";
		};
		49F1B5C222FBF2B10039319E /* Products */ = {
			isa = PBXGroup;
			children = (
				49F1B5C122FBF2B10039319E /* MusicAudioShaker.app */,
			);
			name = Products;
			sourceTree = "<group>";
		};
		49F1B5C322FBF2B10039319E /* MusicAudioShaker */ = {
			isa = PBXGroup;
			children = (
				49F1B5C422FBF2B10039319E /* AppDelegate.swift */,
				49F1B5C622FBF2B10039319E /* ViewController.swift */,
				49F1B5C822FBF2B10039319E /* Main.storyboard */,
				49F1B5CE22FBF2B20039319E /* Assets.xcassets */,
				49F1B5D022FBF2B20039319E /* LaunchScreen.storyboard */,
				49F1B5D322FBF2B20039319E /* Info.plist */,
				49F1B5CB22FBF2B10039319E /* MusicAudioShaker.xcdatamodeld */,
			);
			path = MusicAudioShaker;
			sourceTree = "<group>";
		};
/* End PBXGroup section */

/* Begin PBXNativeTarget section */
		49F1B5C022FBF2B10039319E /* MusicAudioShaker */ = {
			isa = PBXNativeTarget;
			buildConfigurationList = 49F1B5D622FBF2B20039319E /* Build configuration list for PBXNativeTarget "MusicAudioShaker" */;
			buildPhases = (
				49F1B5BD22FBF2B10039319E /* Sources */,
				49F1B5BE22FBF2B10039319E /* Frameworks */,
				49F1B5BF22FBF2B10039319E /* Resources */,
			);
			buildRules = (
			);
			dependencies = (
			);
			name = MusicAudioShaker;
			productName = MusicAudioShaker;
			productReference = 49F1B5C122FBF2B10039319E /* MusicAudioShaker.app */;
			productType = "com.apple.product-type.application";
		};
/* End PBXNativeTarget section */

/* Begin PBXProject section */
		49F1B5B922FBF2B10039319E /* Project object */ = {
			isa = PBXProject;
			attributes = {
				LastSwiftUpdateCheck = 1010;
				LastUpgradeCheck = 1010;
				ORGANIZATIONNAME = Tanishk;
				TargetAttributes = {
					49F1B5C022FBF2B10039319E = {
						CreatedOnToolsVersion = 10.1;
					};
				};
			};
			buildConfigurationList = 49F1B5BC22FBF2B10039319E /* Build configuration list for PBXProject "MusicAudioShaker" */;
			compatibilityVersion = "Xcode 9.3";
			developmentRegion = en;
			hasScannedForEncodings = 0;
			knownRegions = (
				en,
				Base,
			);
			mainGroup = 49F1B5B822FBF2B10039319E;
			productRefGroup = 49F1B5C222FBF2B10039319E /* Products */;
			projectDirPath = "";
			projectRoot = "";
			targets = (
				49F1B5C022FBF2B10039319E /* MusicAudioShaker */,
			);
		};
/* End PBXProject section */

/* Begin PBXResourcesBuildPhase section */
		49F1B5BF22FBF2B10039319E /* Resources */ = {
			isa = PBXResourcesBuildPhase;
			buildActionMask = 2147483647;
			files = (
				49F1B5D222FBF2B20039319E /* LaunchScreen.storyboard in Resources */,
				49F1B5CF22FBF2B20039319E /* Assets.xcassets in Resources */,
				49F1B5CA22FBF2B10039319E /* Main.storyboard in Resources */,
			);
			runOnlyForDeploymentPostprocessing = 0;
		};
/* End PBXResourcesBuildPhase section */

/* Begin PBXSourcesBuildPhase section */
		49F1B5BD22FBF2B10039319E /* Sources */ = {
			isa = PBXSourcesBuildPhase;
			buildActionMask = 2147483647;
			files = (
				49F1B5C722FBF2B10039319E /* ViewController.swift in Sources */,
				49F1B5C522FBF2B10039319E /* AppDelegate.swift in Sources */,
				49F1B5CD22FBF2B10039319E /* MusicAudioShaker.xcdatamodeld in Sources */,
			);
			runOnlyForDeploymentPostprocessing = 0;
		};
/* End PBXSourcesBuildPhase section */

/* Begin PBXVariantGroup section */
		49F1B5C822FBF2B10039319E /* Main.storyboard */ = {
			isa = PBXVariantGroup;
			children = (
				49F1B5C922FBF2B10039319E /* Base */,
			);
			name = Main.storyboard;
			sourceTree = "<group>";
		};
		49F1B5D022FBF2B20039319E /* LaunchScreen.storyboard */ = {
			isa = PBXVariantGroup;
			children = (
				49F1B5D122FBF2B20039319E /* Base */,
			);
			name = LaunchScreen.storyboard;
			sourceTree = "<group>";
		};
/* End PBXVariantGroup section */

/* Begin XCBuildConfiguration section */
		49F1B5D422FBF2B20039319E /* Debug */ = {
			isa = XCBuildConfiguration;
			buildSettings = {
				ALWAYS_SEARCH_USER_PATHS = NO;
				CLANG_ANALYZER_NONNULL = YES;
				CLANG_ANALYZER_NUMBER_OBJECT_CONVERSION = YES_AGGRESSIVE;
				CLANG_CXX_LANGUAGE_STANDARD = "gnu++14";
				CLANG_CXX_LIBRARY = "libc++";
				CLANG_ENABLE_MODULES = YES;
				CLANG_ENABLE_OBJC_ARC = YES;
				CLANG_ENABLE_OBJC_WEAK = YES;
				CLANG_WARN_BLOCK_CAPTURE_AUTORELEASING = YES;
				CLANG_WARN_BOOL_CONVERSION = YES;
				CLANG_WARN_COMMA = YES;
				CLANG_WARN_CONSTANT_CONVERSION = YES;
				CLANG_WARN_DEPRECATED_OBJC_IMPLEMENTATIONS = YES;
				CLANG_WARN_DIRECT_OBJC_ISA_USAGE = YES_ERROR;
				CLANG_WARN_DOCUMENTATION_COMMENTS = YES;
				CLANG_WARN_EMPTY_BODY = YES;
				CLANG_WARN_ENUM_CONVERSION = YES;
				CLANG_WARN_INFINITE_RECURSION = YES;
				CLANG_WARN_INT_CONVERSION = YES;
				CLANG_WARN_NON_LITERAL_NULL_CONVERSION = YES;
				CLANG_WARN_OBJC_IMPLICIT_RETAIN_SELF = YES;
				CLANG_WARN_OBJC_LITERAL_CONVERSION = YES;
				CLANG_WARN_OBJC_ROOT_CLASS = YES_ERROR;
				CLANG_WARN_RANGE_LOOP_ANALYSIS = YES;
				CLANG_WARN_STRICT_PROTOTYPES = YES;
				CLANG_WARN_SUSPICIOUS_MOVE = YES;
				CLANG_WARN_UNGUARDED_AVAILABILITY = YES_AGGRESSIVE;
				CLANG_WARN_UNREACHABLE_CODE = YES;
				CLANG_WARN__DUPLICATE_METHOD_MATCH = YES;
				CODE_SIGN_IDENTITY = "iPhone Developer";
				COPY_PHASE_STRIP = NO;
				DEBUG_INFORMATION_FORMAT = dwarf;
				ENABLE_STRICT_OBJC_MSGSEND = YES;
				ENABLE_TESTABILITY = YES;
				GCC_C_LANGUAGE_STANDARD = gnu11;
				GCC_DYNAMIC_NO_PIC = NO;
				GCC_NO_COMMON_BLOCKS = YES;
				GCC_OPTIMIZATION_LEVEL = 0;
				GCC_PREPROCESSOR_DEFINITIONS = (
					"DEBUG=1",
					"$(inherited)",
				);
				GCC_WARN_64_TO_32_BIT_CONVERSION = YES;
				GCC_WARN_ABOUT_RETURN_TYPE = YES_ERROR;
				GCC_WARN_UNDECLARED_SELECTOR = YES;
				GCC_WARN_UNINITIALIZED_AUTOS = YES_AGGRESSIVE;
				GCC_WARN_UNUSED_FUNCTION = YES;
				GCC_WARN_UNUSED_VARIABLE = YES;
				IPHONEOS_DEPLOYMENT_TARGET = 12.1;
				MTL_ENABLE_DEBUG_INFO = INCLUDE_SOURCE;
				MTL_FAST_MATH = YES;
				ONLY_ACTIVE_ARCH = YES;
				SDKROOT = iphoneos;
				SWIFT_ACTIVE_COMPILATION_CONDITIONS = DEBUG;
				SWIFT_OPTIMIZATION_LEVEL = "-Onone";
			};
			name = Debug;
		};
		49F1B5D522FBF2B20039319E /* Release */ = {
			isa = XCBuildConfiguration;
			buildSettings = {
				ALWAYS_SEARCH_USER_PATHS = NO;
				CLANG_ANALYZER_NONNULL = YES;
				CLANG_ANALYZER_NUMBER_OBJECT_CONVERSION = YES_AGGRESSIVE;
				CLANG_CXX_LANGUAGE_STANDARD = "gnu++14";
				CLANG_CXX_LIBRARY = "libc++";
				CLANG_ENABLE_MODULES = YES;
				CLANG_ENABLE_OBJC_ARC = YES;
				CLANG_ENABLE_OBJC_WEAK = YES;
				CLANG_WARN_BLOCK_CAPTURE_AUTORELEASING = YES;
				CLANG_WARN_BOOL_CONVERSION = YES;
				CLANG_WARN_COMMA = YES;
				CLANG_WARN_CONSTANT_CONVERSION = YES;
				CLANG_WARN_DEPRECATED_OBJC_IMPLEMENTATIONS = YES;
				CLANG_WARN_DIRECT_OBJC_ISA_USAGE = YES_ERROR;
				CLANG_WARN_DOCUMENTATION_COMMENTS = YES;
				CLANG_WARN_EMPTY_BODY = YES;
				CLANG_WARN_ENUM_CONVERSION = YES;
				CLANG_WARN_INFINITE_RECURSION = YES;
				CLANG_WARN_INT_CONVERSION = YES;
				CLANG_WARN_NON_LITERAL_NULL_CONVERSION = YES;
				CLANG_WARN_OBJC_IMPLICIT_RETAIN_SELF = YES;
				CLANG_WARN_OBJC_LITERAL_CONVERSION = YES;
				CLANG_WARN_OBJC_ROOT_CLASS = YES_ERROR;
				CLANG_WARN_RANGE_LOOP_ANALYSIS = YES;
				CLANG_WARN_STRICT_PROTOTYPES = YES;
				CLANG_WARN_SUSPICIOUS_MOVE = YES;
				CLANG_WARN_UNGUARDED_AVAILABILITY = YES_AGGRESSIVE;
				CLANG_WARN_UNREACHABLE_CODE = YES;
				CLANG_WARN__DUPLICATE_METHOD_MATCH = YES;
				CODE_SIGN_IDENTITY = "iPhone Developer";
				COPY_PHASE_STRIP = NO;
				DEBUG_INFORMATION_FORMAT = "dwarf-with-dsym";
				ENABLE_NS_ASSERTIONS = NO;
				ENABLE_STRICT_OBJC_MSGSEND = YES;
				GCC_C_LANGUAGE_STANDARD = gnu11;
				GCC_NO_COMMON_BLOCKS = YES;
				GCC_WARN_64_TO_32_BIT_CONVERSION = YES;
				GCC_WARN_ABOUT_RETURN_TYPE = YES_ERROR;
				GCC_WARN_UNDECLARED_SELECTOR = YES;
				GCC_WARN_UNINITIALIZED_AUTOS = YES_AGGRESSIVE;
				GCC_WARN_UNUSED_FUNCTION = YES;
				GCC_WARN_UNUSED_VARIABLE = YES;
				IPHONEOS_DEPLOYMENT_TARGET = 12.1;
				MTL_ENABLE_DEBUG_INFO = NO;
				MTL_FAST_MATH = YES;
				SDKROOT = iphoneos;
				SWIFT_COMPILATION_MODE = wholemodule;
				SWIFT_OPTIMIZATION_LEVEL = "-O";
				VALIDATE_PRODUCT = YES;
			};
			name = Release;
		};
		49F1B5D722FBF2B20039319E /* Debug */ = {
			isa = XCBuildConfiguration;
			buildSettings = {
				ASSETCATALOG_COMPILER_APPICON_NAME = AppIcon;
				CODE_SIGN_STYLE = Automatic;
				DEVELOPMENT_TEAM = 28J728ALQ5;
				INFOPLIST_FILE = MusicAudioShaker/Info.plist;
				LD_RUNPATH_SEARCH_PATHS = (
					"$(inherited)",
					"@executable_path/Frameworks",
				);
				PRODUCT_BUNDLE_IDENTIFIER = com.tanishk.MusicAudioShaker;
				PRODUCT_NAME = "$(TARGET_NAME)";
				SWIFT_VERSION = 4.2;
				TARGETED_DEVICE_FAMILY = "1,2";
			};
			name = Debug;
		};
		49F1B5D822FBF2B20039319E /* Release */ = {
			isa = XCBuildConfiguration;
			buildSettings = {
				ASSETCATALOG_COMPILER_APPICON_NAME = AppIcon;
				CODE_SIGN_STYLE = Automatic;
				DEVELOPMENT_TEAM = 28J728ALQ5;
				INFOPLIST_FILE = MusicAudioShaker/Info.plist;
				LD_RUNPATH_SEARCH_PATHS = (
					"$(inherited)",
					"@executable_path/Frameworks",
				);
				PRODUCT_BUNDLE_IDENTIFIER = com.tanishk.MusicAudioShaker;
				PRODUCT_NAME = "$(TARGET_NAME)";
				SWIFT_VERSION = 4.2;
				TARGETED_DEVICE_FAMILY = "1,2";
			};
			name = Release;
		};
/* End XCBuildConfiguration section */

/* Begin XCConfigurationList section */
		49F1B5BC22FBF2B10039319E /* Build configuration list for PBXProject "MusicAudioShaker" */ = {
			isa = XCConfigurationList;
			buildConfigurations = (
				49F1B5D422FBF2B20039319E /* Debug */,
				49F1B5D522FBF2B20039319E /* Release */,
			);
			defaultConfigurationIsVisible = 0;
			defaultConfigurationName = Release;
		};
		49F1B5D622FBF2B20039319E /* Build configuration list for PBXNativeTarget "MusicAudioShaker" */ = {
			isa = XCConfigurationList;
			buildConfigurations = (
				49F1B5D722FBF2B20039319E /* Debug */,
				49F1B5D822FBF2B20039319E /* Release */,
			);
			defaultConfigurationIsVisible = 0;
			defaultConfigurationName = Release;
		};
/* End XCConfigurationList section */

/* Begin XCVersionGroup section */
		49F1B5CB22FBF2B10039319E /* MusicAudioShaker.xcdatamodeld */ = {
			isa = XCVersionGroup;
			children = (
				49F1B5CC22FBF2B10039319E /* MusicAudioShaker.xcdatamodel */,
			);
			currentVersion = 49F1B5CC22FBF2B10039319E /* MusicAudioShaker.xcdatamodel */;
			path = MusicAudioShaker.xcdatamodeld;
			sourceTree = "<group>";
			versionGroupType = wrapper.xcdatamodel;
		};
/* End XCVersionGroup section */
	};
	rootObject = 49F1B5B922FBF2B10039319E /* Project object */;
}
